// !$*UTF8*$!
{
	archiveVersion = 1;
	classes = {
	};
	objectVersion = 55;
	objects = {

/* Begin PBXBuildFile section */
		48632C7E27A528A300C2B4AA /* AppDelegate.swift in Sources */ = {isa = PBXBuildFile; fileRef = 48632C7D27A528A300C2B4AA /* AppDelegate.swift */; };
		48632C8027A528A300C2B4AA /* SceneDelegate.swift in Sources */ = {isa = PBXBuildFile; fileRef = 48632C7F27A528A300C2B4AA /* SceneDelegate.swift */; };
		48632C8727A528A700C2B4AA /* Assets.xcassets in Resources */ = {isa = PBXBuildFile; fileRef = 48632C8627A528A700C2B4AA /* Assets.xcassets */; };
		48632C8A27A528A700C2B4AA /* LaunchScreen.storyboard in Resources */ = {isa = PBXBuildFile; fileRef = 48632C8827A528A700C2B4AA /* LaunchScreen.storyboard */; };
		48632C9527A528A700C2B4AA /* PruebaIOSTests.swift in Sources */ = {isa = PBXBuildFile; fileRef = 48632C9427A528A700C2B4AA /* PruebaIOSTests.swift */; };
		48632C9F27A528A700C2B4AA /* PruebaIOSUITests.swift in Sources */ = {isa = PBXBuildFile; fileRef = 48632C9E27A528A700C2B4AA /* PruebaIOSUITests.swift */; };
		48632CA127A528A700C2B4AA /* PruebaIOSUITestsLaunchTests.swift in Sources */ = {isa = PBXBuildFile; fileRef = 48632CA027A528A700C2B4AA /* PruebaIOSUITestsLaunchTests.swift */; };
		48632CB627A5293200C2B4AA /* Alamofire in Frameworks */ = {isa = PBXBuildFile; productRef = 48632CB527A5293200C2B4AA /* Alamofire */; };
		48632CB927A5296400C2B4AA /* Realm in Frameworks */ = {isa = PBXBuildFile; productRef = 48632CB827A5296400C2B4AA /* Realm */; };
		48632CBB27A5296400C2B4AA /* RealmSwift in Frameworks */ = {isa = PBXBuildFile; productRef = 48632CBA27A5296400C2B4AA /* RealmSwift */; };
		48632CC127A52A3800C2B4AA /* UserViewController.swift in Sources */ = {isa = PBXBuildFile; fileRef = 48632CC027A52A3800C2B4AA /* UserViewController.swift */; };
		48632CC327A52A4A00C2B4AA /* PublicationViewController.swift in Sources */ = {isa = PBXBuildFile; fileRef = 48632CC227A52A4A00C2B4AA /* PublicationViewController.swift */; };
		48632CC527A52A5900C2B4AA /* Publication.storyboard in Resources */ = {isa = PBXBuildFile; fileRef = 48632CC427A52A5900C2B4AA /* Publication.storyboard */; };
		48632CC727A52A6800C2B4AA /* User.storyboard in Resources */ = {isa = PBXBuildFile; fileRef = 48632CC627A52A6800C2B4AA /* User.storyboard */; };
		48632CCA27A52AE400C2B4AA /* UsersTableViewCell.swift in Sources */ = {isa = PBXBuildFile; fileRef = 48632CC827A52AE400C2B4AA /* UsersTableViewCell.swift */; };
		48632CCB27A52AE400C2B4AA /* UsersTableViewCell.xib in Resources */ = {isa = PBXBuildFile; fileRef = 48632CC927A52AE400C2B4AA /* UsersTableViewCell.xib */; };
		48632CCE27A52AF200C2B4AA /* PublicationTableViewCell.swift in Sources */ = {isa = PBXBuildFile; fileRef = 48632CCC27A52AF200C2B4AA /* PublicationTableViewCell.swift */; };
		48632CCF27A52AF200C2B4AA /* PublicationTableViewCell.xib in Resources */ = {isa = PBXBuildFile; fileRef = 48632CCD27A52AF200C2B4AA /* PublicationTableViewCell.xib */; };
		48632CD127A52B5200C2B4AA /* UserViewModel.swift in Sources */ = {isa = PBXBuildFile; fileRef = 48632CD027A52B5200C2B4AA /* UserViewModel.swift */; };
		48632CD327A52B6100C2B4AA /* PublicationViewModel.swift in Sources */ = {isa = PBXBuildFile; fileRef = 48632CD227A52B6100C2B4AA /* PublicationViewModel.swift */; };
		48632CD527A52B9800C2B4AA /* UserModel.swift in Sources */ = {isa = PBXBuildFile; fileRef = 48632CD427A52B9800C2B4AA /* UserModel.swift */; };
		48632CD727A52BA300C2B4AA /* PublicationModel.swift in Sources */ = {isa = PBXBuildFile; fileRef = 48632CD627A52BA300C2B4AA /* PublicationModel.swift */; };
		48632CD927A52BC600C2B4AA /* MapUser.swift in Sources */ = {isa = PBXBuildFile; fileRef = 48632CD827A52BC600C2B4AA /* MapUser.swift */; };
		48632CDB27A52BDE00C2B4AA /* Utilities.swift in Sources */ = {isa = PBXBuildFile; fileRef = 48632CDA27A52BDE00C2B4AA /* Utilities.swift */; };
		48632CDD27A52BE900C2B4AA /* Constants.swift in Sources */ = {isa = PBXBuildFile; fileRef = 48632CDC27A52BE900C2B4AA /* Constants.swift */; };
		48632CE127A52C2900C2B4AA /* Publication.swift in Sources */ = {isa = PBXBuildFile; fileRef = 48632CE027A52C2900C2B4AA /* Publication.swift */; };
		48632CE327A52C4100C2B4AA /* User.swift in Sources */ = {isa = PBXBuildFile; fileRef = 48632CE227A52C4100C2B4AA /* User.swift */; };
		48632CE527A52C5E00C2B4AA /* Address.swift in Sources */ = {isa = PBXBuildFile; fileRef = 48632CE427A52C5E00C2B4AA /* Address.swift */; };
		48632CE727A52C7800C2B4AA /* Company.swift in Sources */ = {isa = PBXBuildFile; fileRef = 48632CE627A52C7800C2B4AA /* Company.swift */; };
		48632CE927A52C8F00C2B4AA /* Coordinates.swift in Sources */ = {isa = PBXBuildFile; fileRef = 48632CE827A52C8F00C2B4AA /* Coordinates.swift */; };
		48632CEB27A52CA500C2B4AA /* UsersLocal.swift in Sources */ = {isa = PBXBuildFile; fileRef = 48632CEA27A52CA500C2B4AA /* UsersLocal.swift */; };
		48632CED27A52CC400C2B4AA /* Connection.swift in Sources */ = {isa = PBXBuildFile; fileRef = 48632CEC27A52CC400C2B4AA /* Connection.swift */; };
		48632CEF27A52CDE00C2B4AA /* Endpoint.swift in Sources */ = {isa = PBXBuildFile; fileRef = 48632CEE27A52CDE00C2B4AA /* Endpoint.swift */; };
		48632CF127A52CF400C2B4AA /* RealmHandler.swift in Sources */ = {isa = PBXBuildFile; fileRef = 48632CF027A52CF400C2B4AA /* RealmHandler.swift */; };
		48632CF427A52D2200C2B4AA /* DataBuilder.swift in Sources */ = {isa = PBXBuildFile; fileRef = 48632CF327A52D2200C2B4AA /* DataBuilder.swift */; };
		48632CF627A52D2F00C2B4AA /* ApiService.swift in Sources */ = {isa = PBXBuildFile; fileRef = 48632CF527A52D2F00C2B4AA /* ApiService.swift */; };
/* End PBXBuildFile section */

/* Begin PBXContainerItemProxy section */
		48632C9127A528A700C2B4AA /* PBXContainerItemProxy */ = {
			isa = PBXContainerItemProxy;
			containerPortal = 48632C7227A528A300C2B4AA /* Project object */;
			proxyType = 1;
			remoteGlobalIDString = 48632C7927A528A300C2B4AA;
			remoteInfo = PruebaIOS;
		};
		48632C9B27A528A700C2B4AA /* PBXContainerItemProxy */ = {
			isa = PBXContainerItemProxy;
			containerPortal = 48632C7227A528A300C2B4AA /* Project object */;
			proxyType = 1;
			remoteGlobalIDString = 48632C7927A528A300C2B4AA;
			remoteInfo = PruebaIOS;
		};
/* End PBXContainerItemProxy section */

/* Begin PBXFileReference section */
		48632C7A27A528A300C2B4AA /* PruebaIOS.app */ = {isa = PBXFileReference; explicitFileType = wrapper.application; includeInIndex = 0; path = PruebaIOS.app; sourceTree = BUILT_PRODUCTS_DIR; };
		48632C7D27A528A300C2B4AA /* AppDelegate.swift */ = {isa = PBXFileReference; lastKnownFileType = sourcecode.swift; path = AppDelegate.swift; sourceTree = "<group>"; };
		48632C7F27A528A300C2B4AA /* SceneDelegate.swift */ = {isa = PBXFileReference; lastKnownFileType = sourcecode.swift; path = SceneDelegate.swift; sourceTree = "<group>"; };
		48632C8627A528A700C2B4AA /* Assets.xcassets */ = {isa = PBXFileReference; lastKnownFileType = folder.assetcatalog; path = Assets.xcassets; sourceTree = "<group>"; };
		48632C8927A528A700C2B4AA /* Base */ = {isa = PBXFileReference; lastKnownFileType = file.storyboard; name = Base; path = Base.lproj/LaunchScreen.storyboard; sourceTree = "<group>"; };
		48632C8B27A528A700C2B4AA /* Info.plist */ = {isa = PBXFileReference; lastKnownFileType = text.plist.xml; path = Info.plist; sourceTree = "<group>"; };
		48632C9027A528A700C2B4AA /* PruebaIOSTests.xctest */ = {isa = PBXFileReference; explicitFileType = wrapper.cfbundle; includeInIndex = 0; path = PruebaIOSTests.xctest; sourceTree = BUILT_PRODUCTS_DIR; };
		48632C9427A528A700C2B4AA /* PruebaIOSTests.swift */ = {isa = PBXFileReference; lastKnownFileType = sourcecode.swift; path = PruebaIOSTests.swift; sourceTree = "<group>"; };
		48632C9A27A528A700C2B4AA /* PruebaIOSUITests.xctest */ = {isa = PBXFileReference; explicitFileType = wrapper.cfbundle; includeInIndex = 0; path = PruebaIOSUITests.xctest; sourceTree = BUILT_PRODUCTS_DIR; };
		48632C9E27A528A700C2B4AA /* PruebaIOSUITests.swift */ = {isa = PBXFileReference; lastKnownFileType = sourcecode.swift; path = PruebaIOSUITests.swift; sourceTree = "<group>"; };
		48632CA027A528A700C2B4AA /* PruebaIOSUITestsLaunchTests.swift */ = {isa = PBXFileReference; lastKnownFileType = sourcecode.swift; path = PruebaIOSUITestsLaunchTests.swift; sourceTree = "<group>"; };
		48632CC027A52A3800C2B4AA /* UserViewController.swift */ = {isa = PBXFileReference; lastKnownFileType = sourcecode.swift; path = UserViewController.swift; sourceTree = "<group>"; };
		48632CC227A52A4A00C2B4AA /* PublicationViewController.swift */ = {isa = PBXFileReference; lastKnownFileType = sourcecode.swift; path = PublicationViewController.swift; sourceTree = "<group>"; };
		48632CC427A52A5900C2B4AA /* Publication.storyboard */ = {isa = PBXFileReference; lastKnownFileType = file.storyboard; path = Publication.storyboard; sourceTree = "<group>"; };
		48632CC627A52A6800C2B4AA /* User.storyboard */ = {isa = PBXFileReference; lastKnownFileType = file.storyboard; name = User.storyboard; path = PruebaIOS/View/Publication/User.storyboard; sourceTree = SOURCE_ROOT; };
		48632CC827A52AE400C2B4AA /* UsersTableViewCell.swift */ = {isa = PBXFileReference; lastKnownFileType = sourcecode.swift; path = UsersTableViewCell.swift; sourceTree = "<group>"; };
		48632CC927A52AE400C2B4AA /* UsersTableViewCell.xib */ = {isa = PBXFileReference; lastKnownFileType = file.xib; path = UsersTableViewCell.xib; sourceTree = "<group>"; };
		48632CCC27A52AF200C2B4AA /* PublicationTableViewCell.swift */ = {isa = PBXFileReference; lastKnownFileType = sourcecode.swift; path = PublicationTableViewCell.swift; sourceTree = "<group>"; };
		48632CCD27A52AF200C2B4AA /* PublicationTableViewCell.xib */ = {isa = PBXFileReference; lastKnownFileType = file.xib; path = PublicationTableViewCell.xib; sourceTree = "<group>"; };
		48632CD027A52B5200C2B4AA /* UserViewModel.swift */ = {isa = PBXFileReference; lastKnownFileType = sourcecode.swift; path = UserViewModel.swift; sourceTree = "<group>"; };
		48632CD227A52B6100C2B4AA /* PublicationViewModel.swift */ = {isa = PBXFileReference; lastKnownFileType = sourcecode.swift; path = PublicationViewModel.swift; sourceTree = "<group>"; };
		48632CD427A52B9800C2B4AA /* UserModel.swift */ = {isa = PBXFileReference; lastKnownFileType = sourcecode.swift; path = UserModel.swift; sourceTree = "<group>"; };
		48632CD627A52BA300C2B4AA /* PublicationModel.swift */ = {isa = PBXFileReference; lastKnownFileType = sourcecode.swift; path = PublicationModel.swift; sourceTree = "<group>"; };
		48632CD827A52BC600C2B4AA /* MapUser.swift */ = {isa = PBXFileReference; lastKnownFileType = sourcecode.swift; path = MapUser.swift; sourceTree = "<group>"; };
		48632CDA27A52BDE00C2B4AA /* Utilities.swift */ = {isa = PBXFileReference; lastKnownFileType = sourcecode.swift; path = Utilities.swift; sourceTree = "<group>"; };
		48632CDC27A52BE900C2B4AA /* Constants.swift */ = {isa = PBXFileReference; lastKnownFileType = sourcecode.swift; path = Constants.swift; sourceTree = "<group>"; };
		48632CE027A52C2900C2B4AA /* Publication.swift */ = {isa = PBXFileReference; lastKnownFileType = sourcecode.swift; path = Publication.swift; sourceTree = "<group>"; };
		48632CE227A52C4100C2B4AA /* User.swift */ = {isa = PBXFileReference; lastKnownFileType = sourcecode.swift; path = User.swift; sourceTree = "<group>"; };
		48632CE427A52C5E00C2B4AA /* Address.swift */ = {isa = PBXFileReference; lastKnownFileType = sourcecode.swift; path = Address.swift; sourceTree = "<group>"; };
		48632CE627A52C7800C2B4AA /* Company.swift */ = {isa = PBXFileReference; lastKnownFileType = sourcecode.swift; path = Company.swift; sourceTree = "<group>"; };
		48632CE827A52C8F00C2B4AA /* Coordinates.swift */ = {isa = PBXFileReference; lastKnownFileType = sourcecode.swift; path = Coordinates.swift; sourceTree = "<group>"; };
		48632CEA27A52CA500C2B4AA /* UsersLocal.swift */ = {isa = PBXFileReference; lastKnownFileType = sourcecode.swift; path = UsersLocal.swift; sourceTree = "<group>"; };
		48632CEC27A52CC400C2B4AA /* Connection.swift */ = {isa = PBXFileReference; lastKnownFileType = sourcecode.swift; path = Connection.swift; sourceTree = "<group>"; };
		48632CEE27A52CDE00C2B4AA /* Endpoint.swift */ = {isa = PBXFileReference; lastKnownFileType = sourcecode.swift; path = Endpoint.swift; sourceTree = "<group>"; };
		48632CF027A52CF400C2B4AA /* RealmHandler.swift */ = {isa = PBXFileReference; lastKnownFileType = sourcecode.swift; path = RealmHandler.swift; sourceTree = "<group>"; };
		48632CF327A52D2200C2B4AA /* DataBuilder.swift */ = {isa = PBXFileReference; lastKnownFileType = sourcecode.swift; path = DataBuilder.swift; sourceTree = "<group>"; };
		48632CF527A52D2F00C2B4AA /* ApiService.swift */ = {isa = PBXFileReference; lastKnownFileType = sourcecode.swift; path = ApiService.swift; sourceTree = "<group>"; };
/* End PBXFileReference section */

/* Begin PBXFrameworksBuildPhase section */
		48632C7727A528A300C2B4AA /* Frameworks */ = {
			isa = PBXFrameworksBuildPhase;
			buildActionMask = 2147483647;
			files = (
				48632CBB27A5296400C2B4AA /* RealmSwift in Frameworks */,
				48632CB927A5296400C2B4AA /* Realm in Frameworks */,
				48632CB627A5293200C2B4AA /* Alamofire in Frameworks */,
			);
			runOnlyForDeploymentPostprocessing = 0;
		};
		48632C8D27A528A700C2B4AA /* Frameworks */ = {
			isa = PBXFrameworksBuildPhase;
			buildActionMask = 2147483647;
			files = (
			);
			runOnlyForDeploymentPostprocessing = 0;
		};
		48632C9727A528A700C2B4AA /* Frameworks */ = {
			isa = PBXFrameworksBuildPhase;
			buildActionMask = 2147483647;
			files = (
			);
			runOnlyForDeploymentPostprocessing = 0;
		};
/* End PBXFrameworksBuildPhase section */

/* Begin PBXGroup section */
		48632C7127A528A300C2B4AA = {
			isa = PBXGroup;
			children = (
				48632C7C27A528A300C2B4AA /* PruebaIOS */,
				48632C9327A528A700C2B4AA /* PruebaIOSTests */,
				48632C9D27A528A700C2B4AA /* PruebaIOSUITests */,
				48632C7B27A528A300C2B4AA /* Products */,
			);
			sourceTree = "<group>";
		};
		48632C7B27A528A300C2B4AA /* Products */ = {
			isa = PBXGroup;
			children = (
				48632C7A27A528A300C2B4AA /* PruebaIOS.app */,
				48632C9027A528A700C2B4AA /* PruebaIOSTests.xctest */,
				48632C9A27A528A700C2B4AA /* PruebaIOSUITests.xctest */,
			);
			name = Products;
			sourceTree = "<group>";
		};
		48632C7C27A528A300C2B4AA /* PruebaIOS */ = {
			isa = PBXGroup;
			children = (
				48632CB327A5291400C2B4AA /* Services */,
				48632CB227A5290B00C2B4AA /* Entities */,
				48632CB127A528FF00C2B4AA /* Static */,
				48632CB027A528F200C2B4AA /* Core */,
				48632CAF27A528EA00C2B4AA /* Model */,
				48632CAE27A528D500C2B4AA /* ViewModel */,
				48632CAD27A528CC00C2B4AA /* View */,
				48632C7D27A528A300C2B4AA /* AppDelegate.swift */,
				48632C7F27A528A300C2B4AA /* SceneDelegate.swift */,
				48632C8627A528A700C2B4AA /* Assets.xcassets */,
				48632C8827A528A700C2B4AA /* LaunchScreen.storyboard */,
				48632C8B27A528A700C2B4AA /* Info.plist */,
			);
			path = PruebaIOS;
			sourceTree = "<group>";
		};
		48632C9327A528A700C2B4AA /* PruebaIOSTests */ = {
			isa = PBXGroup;
			children = (
				48632CF227A52D0800C2B4AA /* Mock */,
				48632C9427A528A700C2B4AA /* PruebaIOSTests.swift */,
			);
			path = PruebaIOSTests;
			sourceTree = "<group>";
		};
		48632C9D27A528A700C2B4AA /* PruebaIOSUITests */ = {
			isa = PBXGroup;
			children = (
				48632C9E27A528A700C2B4AA /* PruebaIOSUITests.swift */,
				48632CA027A528A700C2B4AA /* PruebaIOSUITestsLaunchTests.swift */,
			);
			path = PruebaIOSUITests;
			sourceTree = "<group>";
		};
		48632CAD27A528CC00C2B4AA /* View */ = {
			isa = PBXGroup;
			children = (
				48632CBD27A529F200C2B4AA /* User */,
				48632CBC27A529E900C2B4AA /* Publication */,
			);
			path = View;
			sourceTree = "<group>";
		};
		48632CAE27A528D500C2B4AA /* ViewModel */ = {
			isa = PBXGroup;
			children = (
				48632CD027A52B5200C2B4AA /* UserViewModel.swift */,
				48632CD227A52B6100C2B4AA /* PublicationViewModel.swift */,
			);
			path = ViewModel;
			sourceTree = "<group>";
		};
		48632CAF27A528EA00C2B4AA /* Model */ = {
			isa = PBXGroup;
			children = (
				48632CD427A52B9800C2B4AA /* UserModel.swift */,
				48632CD627A52BA300C2B4AA /* PublicationModel.swift */,
			);
			path = Model;
			sourceTree = "<group>";
		};
		48632CB027A528F200C2B4AA /* Core */ = {
			isa = PBXGroup;
			children = (
				48632CD827A52BC600C2B4AA /* MapUser.swift */,
			);
			path = Core;
			sourceTree = "<group>";
		};
		48632CB127A528FF00C2B4AA /* Static */ = {
			isa = PBXGroup;
			children = (
				48632CDA27A52BDE00C2B4AA /* Utilities.swift */,
				48632CDC27A52BE900C2B4AA /* Constants.swift */,
			);
			path = Static;
			sourceTree = "<group>";
		};
		48632CB227A5290B00C2B4AA /* Entities */ = {
			isa = PBXGroup;
			children = (
				48632CDF27A52C1500C2B4AA /* User */,
				48632CDE27A52C0900C2B4AA /* Publication */,
			);
			path = Entities;
			sourceTree = "<group>";
		};
		48632CB327A5291400C2B4AA /* Services */ = {
			isa = PBXGroup;
			children = (
				48632CEC27A52CC400C2B4AA /* Connection.swift */,
				48632CEE27A52CDE00C2B4AA /* Endpoint.swift */,
				48632CF027A52CF400C2B4AA /* RealmHandler.swift */,
			);
			path = Services;
			sourceTree = "<group>";
		};
		48632CBC27A529E900C2B4AA /* Publication */ = {
			isa = PBXGroup;
			children = (
				48632CBF27A52A1500C2B4AA /* Publication Cell */,
				48632CC227A52A4A00C2B4AA /* PublicationViewController.swift */,
				48632CC427A52A5900C2B4AA /* Publication.storyboard */,
			);
			path = Publication;
			sourceTree = "<group>";
		};
		48632CBD27A529F200C2B4AA /* User */ = {
			isa = PBXGroup;
			children = (
				48632CBE27A52A0900C2B4AA /* User Cell */,
				48632CC027A52A3800C2B4AA /* UserViewController.swift */,
				48632CC627A52A6800C2B4AA /* User.storyboard */,
			);
			path = User;
			sourceTree = "<group>";
		};
		48632CBE27A52A0900C2B4AA /* User Cell */ = {
			isa = PBXGroup;
			children = (
				48632CC827A52AE400C2B4AA /* UsersTableViewCell.swift */,
				48632CC927A52AE400C2B4AA /* UsersTableViewCell.xib */,
			);
			path = "User Cell";
			sourceTree = "<group>";
		};
		48632CBF27A52A1500C2B4AA /* Publication Cell */ = {
			isa = PBXGroup;
			children = (
				48632CCC27A52AF200C2B4AA /* PublicationTableViewCell.swift */,
				48632CCD27A52AF200C2B4AA /* PublicationTableViewCell.xib */,
			);
			path = "Publication Cell";
			sourceTree = "<group>";
		};
		48632CDE27A52C0900C2B4AA /* Publication */ = {
			isa = PBXGroup;
			children = (
				48632CE027A52C2900C2B4AA /* Publication.swift */,
			);
			path = Publication;
			sourceTree = "<group>";
		};
		48632CDF27A52C1500C2B4AA /* User */ = {
			isa = PBXGroup;
			children = (
				48632CE227A52C4100C2B4AA /* User.swift */,
				48632CE427A52C5E00C2B4AA /* Address.swift */,
				48632CE627A52C7800C2B4AA /* Company.swift */,
				48632CE827A52C8F00C2B4AA /* Coordinates.swift */,
				48632CEA27A52CA500C2B4AA /* UsersLocal.swift */,
			);
			path = User;
			sourceTree = "<group>";
		};
		48632CF227A52D0800C2B4AA /* Mock */ = {
			isa = PBXGroup;
			children = (
				48632CF327A52D2200C2B4AA /* DataBuilder.swift */,
				48632CF527A52D2F00C2B4AA /* ApiService.swift */,
			);
			path = Mock;
			sourceTree = "<group>";
		};
/* End PBXGroup section */

/* Begin PBXNativeTarget section */
		48632C7927A528A300C2B4AA /* PruebaIOS */ = {
			isa = PBXNativeTarget;
			buildConfigurationList = 48632CA427A528A700C2B4AA /* Build configuration list for PBXNativeTarget "PruebaIOS" */;
			buildPhases = (
				48632C7627A528A300C2B4AA /* Sources */,
				48632C7727A528A300C2B4AA /* Frameworks */,
				48632C7827A528A300C2B4AA /* Resources */,
			);
			buildRules = (
			);
			dependencies = (
			);
			name = PruebaIOS;
			packageProductDependencies = (
				48632CB527A5293200C2B4AA /* Alamofire */,
				48632CB827A5296400C2B4AA /* Realm */,
				48632CBA27A5296400C2B4AA /* RealmSwift */,
			);
			productName = PruebaIOS;
			productReference = 48632C7A27A528A300C2B4AA /* PruebaIOS.app */;
			productType = "com.apple.product-type.application";
		};
		48632C8F27A528A700C2B4AA /* PruebaIOSTests */ = {
			isa = PBXNativeTarget;
			buildConfigurationList = 48632CA727A528A700C2B4AA /* Build configuration list for PBXNativeTarget "PruebaIOSTests" */;
			buildPhases = (
				48632C8C27A528A700C2B4AA /* Sources */,
				48632C8D27A528A700C2B4AA /* Frameworks */,
				48632C8E27A528A700C2B4AA /* Resources */,
			);
			buildRules = (
			);
			dependencies = (
				48632C9227A528A700C2B4AA /* PBXTargetDependency */,
			);
			name = PruebaIOSTests;
			productName = PruebaIOSTests;
			productReference = 48632C9027A528A700C2B4AA /* PruebaIOSTests.xctest */;
			productType = "com.apple.product-type.bundle.unit-test";
		};
		48632C9927A528A700C2B4AA /* PruebaIOSUITests */ = {
			isa = PBXNativeTarget;
			buildConfigurationList = 48632CAA27A528A700C2B4AA /* Build configuration list for PBXNativeTarget "PruebaIOSUITests" */;
			buildPhases = (
				48632C9627A528A700C2B4AA /* Sources */,
				48632C9727A528A700C2B4AA /* Frameworks */,
				48632C9827A528A700C2B4AA /* Resources */,
			);
			buildRules = (
			);
			dependencies = (
				48632C9C27A528A700C2B4AA /* PBXTargetDependency */,
			);
			name = PruebaIOSUITests;
			productName = PruebaIOSUITests;
			productReference = 48632C9A27A528A700C2B4AA /* PruebaIOSUITests.xctest */;
			productType = "com.apple.product-type.bundle.ui-testing";
		};
/* End PBXNativeTarget section */

/* Begin PBXProject section */
		48632C7227A528A300C2B4AA /* Project object */ = {
			isa = PBXProject;
			attributes = {
				BuildIndependentTargetsInParallel = 1;
				LastSwiftUpdateCheck = 1320;
				LastUpgradeCheck = 1320;
				TargetAttributes = {
					48632C7927A528A300C2B4AA = {
						CreatedOnToolsVersion = 13.2.1;
					};
					48632C8F27A528A700C2B4AA = {
						CreatedOnToolsVersion = 13.2.1;
						TestTargetID = 48632C7927A528A300C2B4AA;
					};
					48632C9927A528A700C2B4AA = {
						CreatedOnToolsVersion = 13.2.1;
						TestTargetID = 48632C7927A528A300C2B4AA;
					};
				};
			};
			buildConfigurationList = 48632C7527A528A300C2B4AA /* Build configuration list for PBXProject "PruebaIOS" */;
			compatibilityVersion = "Xcode 13.0";
			developmentRegion = en;
			hasScannedForEncodings = 0;
			knownRegions = (
				en,
				Base,
			);
			mainGroup = 48632C7127A528A300C2B4AA;
			packageReferences = (
				48632CB427A5293200C2B4AA /* XCRemoteSwiftPackageReference "Alamofire" */,
				48632CB727A5296400C2B4AA /* XCRemoteSwiftPackageReference "realm-swift" */,
			);
			productRefGroup = 48632C7B27A528A300C2B4AA /* Products */;
			projectDirPath = "";
			projectRoot = "";
			targets = (
				48632C7927A528A300C2B4AA /* PruebaIOS */,
				48632C8F27A528A700C2B4AA /* PruebaIOSTests */,
				48632C9927A528A700C2B4AA /* PruebaIOSUITests */,
			);
		};
/* End PBXProject section */

/* Begin PBXResourcesBuildPhase section */
		48632C7827A528A300C2B4AA /* Resources */ = {
			isa = PBXResourcesBuildPhase;
			buildActionMask = 2147483647;
			files = (
				48632CCF27A52AF200C2B4AA /* PublicationTableViewCell.xib in Resources */,
				48632C8A27A528A700C2B4AA /* LaunchScreen.storyboard in Resources */,
				48632CC727A52A6800C2B4AA /* User.storyboard in Resources */,
				48632CC527A52A5900C2B4AA /* Publication.storyboard in Resources */,
				48632CCB27A52AE400C2B4AA /* UsersTableViewCell.xib in Resources */,
				48632C8727A528A700C2B4AA /* Assets.xcassets in Resources */,
			);
			runOnlyForDeploymentPostprocessing = 0;
		};
		48632C8E27A528A700C2B4AA /* Resources */ = {
			isa = PBXResourcesBuildPhase;
			buildActionMask = 2147483647;
			files = (
			);
			runOnlyForDeploymentPostprocessing = 0;
		};
		48632C9827A528A700C2B4AA /* Resources */ = {
			isa = PBXResourcesBuildPhase;
			buildActionMask = 2147483647;
			files = (
			);
			runOnlyForDeploymentPostprocessing = 0;
		};
/* End PBXResourcesBuildPhase section */

/* Begin PBXSourcesBuildPhase section */
		48632C7627A528A300C2B4AA /* Sources */ = {
			isa = PBXSourcesBuildPhase;
			buildActionMask = 2147483647;
			files = (
				48632CE127A52C2900C2B4AA /* Publication.swift in Sources */,
				48632CD727A52BA300C2B4AA /* PublicationModel.swift in Sources */,
				48632C7E27A528A300C2B4AA /* AppDelegate.swift in Sources */,
				48632CEB27A52CA500C2B4AA /* UsersLocal.swift in Sources */,
				48632CC127A52A3800C2B4AA /* UserViewController.swift in Sources */,
				48632CCE27A52AF200C2B4AA /* PublicationTableViewCell.swift in Sources */,
				48632CD327A52B6100C2B4AA /* PublicationViewModel.swift in Sources */,
				48632CEF27A52CDE00C2B4AA /* Endpoint.swift in Sources */,
				48632CED27A52CC400C2B4AA /* Connection.swift in Sources */,
				48632C8027A528A300C2B4AA /* SceneDelegate.swift in Sources */,
				48632CDB27A52BDE00C2B4AA /* Utilities.swift in Sources */,
				48632CE327A52C4100C2B4AA /* User.swift in Sources */,
				48632CDD27A52BE900C2B4AA /* Constants.swift in Sources */,
				48632CC327A52A4A00C2B4AA /* PublicationViewController.swift in Sources */,
				48632CD127A52B5200C2B4AA /* UserViewModel.swift in Sources */,
				48632CE727A52C7800C2B4AA /* Company.swift in Sources */,
				48632CD927A52BC600C2B4AA /* MapUser.swift in Sources */,
				48632CD527A52B9800C2B4AA /* UserModel.swift in Sources */,
				48632CF127A52CF400C2B4AA /* RealmHandler.swift in Sources */,
				48632CE927A52C8F00C2B4AA /* Coordinates.swift in Sources */,
				48632CE527A52C5E00C2B4AA /* Address.swift in Sources */,
				48632CCA27A52AE400C2B4AA /* UsersTableViewCell.swift in Sources */,
			);
			runOnlyForDeploymentPostprocessing = 0;
		};
		48632C8C27A528A700C2B4AA /* Sources */ = {
			isa = PBXSourcesBuildPhase;
			buildActionMask = 2147483647;
			files = (
				48632C9527A528A700C2B4AA /* PruebaIOSTests.swift in Sources */,
				48632CF427A52D2200C2B4AA /* DataBuilder.swift in Sources */,
				48632CF627A52D2F00C2B4AA /* ApiService.swift in Sources */,
			);
			runOnlyForDeploymentPostprocessing = 0;
		};
		48632C9627A528A700C2B4AA /* Sources */ = {
			isa = PBXSourcesBuildPhase;
			buildActionMask = 2147483647;
			files = (
				48632C9F27A528A700C2B4AA /* PruebaIOSUITests.swift in Sources */,
				48632CA127A528A700C2B4AA /* PruebaIOSUITestsLaunchTests.swift in Sources */,
			);
			runOnlyForDeploymentPostprocessing = 0;
		};
/* End PBXSourcesBuildPhase section */

/* Begin PBXTargetDependency section */
		48632C9227A528A700C2B4AA /* PBXTargetDependency */ = {
			isa = PBXTargetDependency;
			target = 48632C7927A528A300C2B4AA /* PruebaIOS */;
			targetProxy = 48632C9127A528A700C2B4AA /* PBXContainerItemProxy */;
		};
		48632C9C27A528A700C2B4AA /* PBXTargetDependency */ = {
			isa = PBXTargetDependency;
			target = 48632C7927A528A300C2B4AA /* PruebaIOS */;
			targetProxy = 48632C9B27A528A700C2B4AA /* PBXContainerItemProxy */;
		};
/* End PBXTargetDependency section */

/* Begin PBXVariantGroup section */
		48632C8827A528A700C2B4AA /* LaunchScreen.storyboard */ = {
			isa = PBXVariantGroup;
			children = (
				48632C8927A528A700C2B4AA /* Base */,
			);
			name = LaunchScreen.storyboard;
			sourceTree = "<group>";
		};
/* End PBXVariantGroup section */

/* Begin XCBuildConfiguration section */
		48632CA227A528A700C2B4AA /* Debug */ = {
			isa = XCBuildConfiguration;
			buildSettings = {
				ALWAYS_SEARCH_USER_PATHS = NO;
				CLANG_ANALYZER_NONNULL = YES;
				CLANG_ANALYZER_NUMBER_OBJECT_CONVERSION = YES_AGGRESSIVE;
				CLANG_CXX_LANGUAGE_STANDARD = "gnu++17";
				CLANG_CXX_LIBRARY = "libc++";
				CLANG_ENABLE_MODULES = YES;
				CLANG_ENABLE_OBJC_ARC = YES;
				CLANG_ENABLE_OBJC_WEAK = YES;
				CLANG_WARN_BLOCK_CAPTURE_AUTORELEASING = YES;
				CLANG_WARN_BOOL_CONVERSION = YES;
				CLANG_WARN_COMMA = YES;
				CLANG_WARN_CONSTANT_CONVERSION = YES;
				CLANG_WARN_DEPRECATED_OBJC_IMPLEMENTATIONS = YES;
				CLANG_WARN_DIRECT_OBJC_ISA_USAGE = YES_ERROR;
				CLANG_WARN_DOCUMENTATION_COMMENTS = YES;
				CLANG_WARN_EMPTY_BODY = YES;
				CLANG_WARN_ENUM_CONVERSION = YES;
				CLANG_WARN_INFINITE_RECURSION = YES;
				CLANG_WARN_INT_CONVERSION = YES;
				CLANG_WARN_NON_LITERAL_NULL_CONVERSION = YES;
				CLANG_WARN_OBJC_IMPLICIT_RETAIN_SELF = YES;
				CLANG_WARN_OBJC_LITERAL_CONVERSION = YES;
				CLANG_WARN_OBJC_ROOT_CLASS = YES_ERROR;
				CLANG_WARN_QUOTED_INCLUDE_IN_FRAMEWORK_HEADER = YES;
				CLANG_WARN_RANGE_LOOP_ANALYSIS = YES;
				CLANG_WARN_STRICT_PROTOTYPES = YES;
				CLANG_WARN_SUSPICIOUS_MOVE = YES;
				CLANG_WARN_UNGUARDED_AVAILABILITY = YES_AGGRESSIVE;
				CLANG_WARN_UNREACHABLE_CODE = YES;
				CLANG_WARN__DUPLICATE_METHOD_MATCH = YES;
				COPY_PHASE_STRIP = NO;
				DEBUG_INFORMATION_FORMAT = dwarf;
				ENABLE_STRICT_OBJC_MSGSEND = YES;
				ENABLE_TESTABILITY = YES;
				GCC_C_LANGUAGE_STANDARD = gnu11;
				GCC_DYNAMIC_NO_PIC = NO;
				GCC_NO_COMMON_BLOCKS = YES;
				GCC_OPTIMIZATION_LEVEL = 0;
				GCC_PREPROCESSOR_DEFINITIONS = (
					"DEBUG=1",
					"$(inherited)",
				);
				GCC_WARN_64_TO_32_BIT_CONVERSION = YES;
				GCC_WARN_ABOUT_RETURN_TYPE = YES_ERROR;
				GCC_WARN_UNDECLARED_SELECTOR = YES;
				GCC_WARN_UNINITIALIZED_AUTOS = YES_AGGRESSIVE;
				GCC_WARN_UNUSED_FUNCTION = YES;
				GCC_WARN_UNUSED_VARIABLE = YES;
				IPHONEOS_DEPLOYMENT_TARGET = 15.2;
				MTL_ENABLE_DEBUG_INFO = INCLUDE_SOURCE;
				MTL_FAST_MATH = YES;
				ONLY_ACTIVE_ARCH = YES;
				SDKROOT = iphoneos;
				SWIFT_ACTIVE_COMPILATION_CONDITIONS = DEBUG;
				SWIFT_OPTIMIZATION_LEVEL = "-Onone";
			};
			name = Debug;
		};
		48632CA327A528A700C2B4AA /* Release */ = {
			isa = XCBuildConfiguration;
			buildSettings = {
				ALWAYS_SEARCH_USER_PATHS = NO;
				CLANG_ANALYZER_NONNULL = YES;
				CLANG_ANALYZER_NUMBER_OBJECT_CONVERSION = YES_AGGRESSIVE;
				CLANG_CXX_LANGUAGE_STANDARD = "gnu++17";
				CLANG_CXX_LIBRARY = "libc++";
				CLANG_ENABLE_MODULES = YES;
				CLANG_ENABLE_OBJC_ARC = YES;
				CLANG_ENABLE_OBJC_WEAK = YES;
				CLANG_WARN_BLOCK_CAPTURE_AUTORELEASING = YES;
				CLANG_WARN_BOOL_CONVERSION = YES;
				CLANG_WARN_COMMA = YES;
				CLANG_WARN_CONSTANT_CONVERSION = YES;
				CLANG_WARN_DEPRECATED_OBJC_IMPLEMENTATIONS = YES;
				CLANG_WARN_DIRECT_OBJC_ISA_USAGE = YES_ERROR;
				CLANG_WARN_DOCUMENTATION_COMMENTS = YES;
				CLANG_WARN_EMPTY_BODY = YES;
				CLANG_WARN_ENUM_CONVERSION = YES;
				CLANG_WARN_INFINITE_RECURSION = YES;
				CLANG_WARN_INT_CONVERSION = YES;
				CLANG_WARN_NON_LITERAL_NULL_CONVERSION = YES;
				CLANG_WARN_OBJC_IMPLICIT_RETAIN_SELF = YES;
				CLANG_WARN_OBJC_LITERAL_CONVERSION = YES;
				CLANG_WARN_OBJC_ROOT_CLASS = YES_ERROR;
				CLANG_WARN_QUOTED_INCLUDE_IN_FRAMEWORK_HEADER = YES;
				CLANG_WARN_RANGE_LOOP_ANALYSIS = YES;
				CLANG_WARN_STRICT_PROTOTYPES = YES;
				CLANG_WARN_SUSPICIOUS_MOVE = YES;
				CLANG_WARN_UNGUARDED_AVAILABILITY = YES_AGGRESSIVE;
				CLANG_WARN_UNREACHABLE_CODE = YES;
				CLANG_WARN__DUPLICATE_METHOD_MATCH = YES;
				COPY_PHASE_STRIP = NO;
				DEBUG_INFORMATION_FORMAT = "dwarf-with-dsym";
				ENABLE_NS_ASSERTIONS = NO;
				ENABLE_STRICT_OBJC_MSGSEND = YES;
				GCC_C_LANGUAGE_STANDARD = gnu11;
				GCC_NO_COMMON_BLOCKS = YES;
				GCC_WARN_64_TO_32_BIT_CONVERSION = YES;
				GCC_WARN_ABOUT_RETURN_TYPE = YES_ERROR;
				GCC_WARN_UNDECLARED_SELECTOR = YES;
				GCC_WARN_UNINITIALIZED_AUTOS = YES_AGGRESSIVE;
				GCC_WARN_UNUSED_FUNCTION = YES;
				GCC_WARN_UNUSED_VARIABLE = YES;
				IPHONEOS_DEPLOYMENT_TARGET = 15.2;
				MTL_ENABLE_DEBUG_INFO = NO;
				MTL_FAST_MATH = YES;
				SDKROOT = iphoneos;
				SWIFT_COMPILATION_MODE = wholemodule;
				SWIFT_OPTIMIZATION_LEVEL = "-O";
				VALIDATE_PRODUCT = YES;
			};
			name = Release;
		};
		48632CA527A528A700C2B4AA /* Debug */ = {
			isa = XCBuildConfiguration;
			buildSettings = {
				ASSETCATALOG_COMPILER_APPICON_NAME = AppIcon;
				ASSETCATALOG_COMPILER_GLOBAL_ACCENT_COLOR_NAME = AccentColor;
				CODE_SIGN_STYLE = Automatic;
				CURRENT_PROJECT_VERSION = 1;
				DEVELOPMENT_TEAM = 6QXJQS5XM3;
				GENERATE_INFOPLIST_FILE = YES;
				INFOPLIST_FILE = PruebaIOS/Info.plist;
				INFOPLIST_KEY_UIApplicationSupportsIndirectInputEvents = YES;
				INFOPLIST_KEY_UILaunchStoryboardName = LaunchScreen;
				INFOPLIST_KEY_UISupportedInterfaceOrientations = UIInterfaceOrientationPortrait;
				INFOPLIST_KEY_UISupportedInterfaceOrientations_iPad = "UIInterfaceOrientationPortrait UIInterfaceOrientationPortraitUpsideDown UIInterfaceOrientationLandscapeLeft UIInterfaceOrientationLandscapeRight";
				INFOPLIST_KEY_UISupportedInterfaceOrientations_iPhone = "UIInterfaceOrientationPortrait UIInterfaceOrientationLandscapeLeft UIInterfaceOrientationLandscapeRight";
				LD_RUNPATH_SEARCH_PATHS = (
					"$(inherited)",
					"@executable_path/Frameworks",
				);
				MARKETING_VERSION = 1.0;
				PRODUCT_BUNDLE_IDENTIFIER = NN.PruebaIOS;
				PRODUCT_NAME = "$(TARGET_NAME)";
				SWIFT_EMIT_LOC_STRINGS = YES;
				SWIFT_VERSION = 5.0;
				TARGETED_DEVICE_FAMILY = "1,2";
			};
			name = Debug;
		};
		48632CA627A528A700C2B4AA /* Release */ = {
			isa = XCBuildConfiguration;
			buildSettings = {
				ASSETCATALOG_COMPILER_APPICON_NAME = AppIcon;
				ASSETCATALOG_COMPILER_GLOBAL_ACCENT_COLOR_NAME = AccentColor;
				CODE_SIGN_STYLE = Automatic;
				CURRENT_PROJECT_VERSION = 1;
				DEVELOPMENT_TEAM = 6QXJQS5XM3;
				GENERATE_INFOPLIST_FILE = YES;
				INFOPLIST_FILE = PruebaIOS/Info.plist;
				INFOPLIST_KEY_UIApplicationSupportsIndirectInputEvents = YES;
				INFOPLIST_KEY_UILaunchStoryboardName = LaunchScreen;
				INFOPLIST_KEY_UISupportedInterfaceOrientations = UIInterfaceOrientationPortrait;
				INFOPLIST_KEY_UISupportedInterfaceOrientations_iPad = "UIInterfaceOrientationPortrait UIInterfaceOrientationPortraitUpsideDown UIInterfaceOrientationLandscapeLeft UIInterfaceOrientationLandscapeRight";
				INFOPLIST_KEY_UISupportedInterfaceOrientations_iPhone = "UIInterfaceOrientationPortrait UIInterfaceOrientationLandscapeLeft UIInterfaceOrientationLandscapeRight";
				LD_RUNPATH_SEARCH_PATHS = (
					"$(inherited)",
					"@executable_path/Frameworks",
				);
				MARKETING_VERSION = 1.0;
				PRODUCT_BUNDLE_IDENTIFIER = NN.PruebaIOS;
				PRODUCT_NAME = "$(TARGET_NAME)";
				SWIFT_EMIT_LOC_STRINGS = YES;
				SWIFT_VERSION = 5.0;
				TARGETED_DEVICE_FAMILY = "1,2";
			};
			name = Release;
		};
		48632CA827A528A700C2B4AA /* Debug */ = {
			isa = XCBuildConfiguration;
			buildSettings = {
				ALWAYS_EMBED_SWIFT_STANDARD_LIBRARIES = YES;
				BUNDLE_LOADER = "$(TEST_HOST)";
				CODE_SIGN_STYLE = Automatic;
				CURRENT_PROJECT_VERSION = 1;
				DEVELOPMENT_TEAM = 6QXJQS5XM3;
				GENERATE_INFOPLIST_FILE = YES;
				IPHONEOS_DEPLOYMENT_TARGET = 15.2;
				MARKETING_VERSION = 1.0;
				PRODUCT_BUNDLE_IDENTIFIER = NN.PruebaIOSTests;
				PRODUCT_NAME = "$(TARGET_NAME)";
				SWIFT_EMIT_LOC_STRINGS = NO;
				SWIFT_VERSION = 5.0;
				TARGETED_DEVICE_FAMILY = "1,2";
				TEST_HOST = "$(BUILT_PRODUCTS_DIR)/PruebaIOS.app/PruebaIOS";
			};
			name = Debug;
		};
		48632CA927A528A700C2B4AA /* Release */ = {
			isa = XCBuildConfiguration;
			buildSettings = {
				ALWAYS_EMBED_SWIFT_STANDARD_LIBRARIES = YES;
				BUNDLE_LOADER = "$(TEST_HOST)";
				CODE_SIGN_STYLE = Automatic;
				CURRENT_PROJECT_VERSION = 1;
				DEVELOPMENT_TEAM = 6QXJQS5XM3;
				GENERATE_INFOPLIST_FILE = YES;
				IPHONEOS_DEPLOYMENT_TARGET = 15.2;
				MARKETING_VERSION = 1.0;
				PRODUCT_BUNDLE_IDENTIFIER = NN.PruebaIOSTests;
				PRODUCT_NAME = "$(TARGET_NAME)";
				SWIFT_EMIT_LOC_STRINGS = NO;
				SWIFT_VERSION = 5.0;
				TARGETED_DEVICE_FAMILY = "1,2";
				TEST_HOST = "$(BUILT_PRODUCTS_DIR)/PruebaIOS.app/PruebaIOS";
			};
			name = Release;
		};
		48632CAB27A528A700C2B4AA /* Debug */ = {
			isa = XCBuildConfiguration;
			buildSettings = {
				ALWAYS_EMBED_SWIFT_STANDARD_LIBRARIES = YES;
				CODE_SIGN_STYLE = Automatic;
				CURRENT_PROJECT_VERSION = 1;
				DEVELOPMENT_TEAM = 6QXJQS5XM3;
				GENERATE_INFOPLIST_FILE = YES;
				MARKETING_VERSION = 1.0;
				PRODUCT_BUNDLE_IDENTIFIER = NN.PruebaIOSUITests;
				PRODUCT_NAME = "$(TARGET_NAME)";
				SWIFT_EMIT_LOC_STRINGS = NO;
				SWIFT_VERSION = 5.0;
				TARGETED_DEVICE_FAMILY = "1,2";
				TEST_TARGET_NAME = PruebaIOS;
			};
			name = Debug;
		};
		48632CAC27A528A700C2B4AA /* Release */ = {
			isa = XCBuildConfiguration;
			buildSettings = {
				ALWAYS_EMBED_SWIFT_STANDARD_LIBRARIES = YES;
				CODE_SIGN_STYLE = Automatic;
				CURRENT_PROJECT_VERSION = 1;
				DEVELOPMENT_TEAM = 6QXJQS5XM3;
				GENERATE_INFOPLIST_FILE = YES;
				MARKETING_VERSION = 1.0;
				PRODUCT_BUNDLE_IDENTIFIER = NN.PruebaIOSUITests;
				PRODUCT_NAME = "$(TARGET_NAME)";
				SWIFT_EMIT_LOC_STRINGS = NO;
				SWIFT_VERSION = 5.0;
				TARGETED_DEVICE_FAMILY = "1,2";
				TEST_TARGET_NAME = PruebaIOS;
			};
			name = Release;
		};
/* End XCBuildConfiguration section */

/* Begin XCConfigurationList section */
		48632C7527A528A300C2B4AA /* Build configuration list for PBXProject "PruebaIOS" */ = {
			isa = XCConfigurationList;
			buildConfigurations = (
				48632CA227A528A700C2B4AA /* Debug */,
				48632CA327A528A700C2B4AA /* Release */,
			);
			defaultConfigurationIsVisible = 0;
			defaultConfigurationName = Release;
		};
		48632CA427A528A700C2B4AA /* Build configuration list for PBXNativeTarget "PruebaIOS" */ = {
			isa = XCConfigurationList;
			buildConfigurations = (
				48632CA527A528A700C2B4AA /* Debug */,
				48632CA627A528A700C2B4AA /* Release */,
			);
			defaultConfigurationIsVisible = 0;
			defaultConfigurationName = Release;
		};
		48632CA727A528A700C2B4AA /* Build configuration list for PBXNativeTarget "PruebaIOSTests" */ = {
			isa = XCConfigurationList;
			buildConfigurations = (
				48632CA827A528A700C2B4AA /* Debug */,
				48632CA927A528A700C2B4AA /* Release */,
			);
			defaultConfigurationIsVisible = 0;
			defaultConfigurationName = Release;
		};
		48632CAA27A528A700C2B4AA /* Build configuration list for PBXNativeTarget "PruebaIOSUITests" */ = {
			isa = XCConfigurationList;
			buildConfigurations = (
				48632CAB27A528A700C2B4AA /* Debug */,
				48632CAC27A528A700C2B4AA /* Release */,
			);
			defaultConfigurationIsVisible = 0;
			defaultConfigurationName = Release;
		};
/* End XCConfigurationList section */

/* Begin XCRemoteSwiftPackageReference section */
		48632CB427A5293200C2B4AA /* XCRemoteSwiftPackageReference "Alamofire" */ = {
			isa = XCRemoteSwiftPackageReference;
			repositoryURL = "https://github.com/Alamofire/Alamofire.git";
			requirement = {
				branch = master;
				kind = branch;
			};
		};
		48632CB727A5296400C2B4AA /* XCRemoteSwiftPackageReference "realm-swift" */ = {
			isa = XCRemoteSwiftPackageReference;
			repositoryURL = "https://github.com/realm/realm-swift.git";
			requirement = {
				branch = master;
				kind = branch;
			};
		};
/* End XCRemoteSwiftPackageReference section */

/* Begin XCSwiftPackageProductDependency section */
		48632CB527A5293200C2B4AA /* Alamofire */ = {
			isa = XCSwiftPackageProductDependency;
			package = 48632CB427A5293200C2B4AA /* XCRemoteSwiftPackageReference "Alamofire" */;
			productName = Alamofire;
		};
		48632CB827A5296400C2B4AA /* Realm */ = {
			isa = XCSwiftPackageProductDependency;
			package = 48632CB727A5296400C2B4AA /* XCRemoteSwiftPackageReference "realm-swift" */;
			productName = Realm;
		};
		48632CBA27A5296400C2B4AA /* RealmSwift */ = {
			isa = XCSwiftPackageProductDependency;
			package = 48632CB727A5296400C2B4AA /* XCRemoteSwiftPackageReference "realm-swift" */;
			productName = RealmSwift;
		};
/* End XCSwiftPackageProductDependency section */
	};
	rootObject = 48632C7227A528A300C2B4AA /* Project object */;
}
